
Microsoft Visual Studio Solution File, Format Version 12.00
# Visual Studio Version 16
VisualStudioVersion = 16.0.31729.503
MinimumVisualStudioVersion = 10.0.40219.1
Project("{9A19103F-16F7-4668-BE54-9A1E7A4F7556}") = "Banking", "Banking\Banking.csproj", "{44050759-C082-4621-8992-CF287D549E07}"
EndProject
Project("{9A19103F-16F7-4668-BE54-9A1E7A4F7556}") = "FliteringFramework", "FliteringFramework\FliteringFramework.csproj", "{A172B219-7C74-4B13-9918-CCAF94F23CB3}"
EndProject
Project("{9A19103F-16F7-4668-BE54-9A1E7A4F7556}") = "Employees", "Employee\Employees.csproj", "{AD7EED71-CCEC-4519-8817-68783F216AA6}"
EndProject
Project("{9A19103F-16F7-4668-BE54-9A1E7A4F7556}") = "Lektion1", "Lektion1\Lektion1.csproj", "{26B04311-CAF9-48A7-B4C1-714C0CC6EE7D}"
EndProject
Project("{9A19103F-16F7-4668-BE54-9A1E7A4F7556}") = "Lektion1Klasser", "Lektion1Klasser\Lektion1Klasser.csproj", "{E42855E7-40B8-4E64-879F-34F9C309260E}"
EndProject
Project("{9A19103F-16F7-4668-BE54-9A1E7A4F7556}") = "Interfaces1", "Interfaces1\Interfaces1.csproj", "{932F149E-20B1-45F6-AD34-A69BE322DE00}"
EndProject
Project("{9A19103F-16F7-4668-BE54-9A1E7A4F7556}") = "Interfaces2", "Interfaces2\Interfaces2.csproj", "{4505B3DF-9906-49AD-AAB7-C38858459A6C}"
EndProject
Project("{9A19103F-16F7-4668-BE54-9A1E7A4F7556}") = "Miniproject", "Miniproject\Miniproject.csproj", "{EB250AF9-6578-4278-A68D-D6E7D833F08A}"
EndProject
Project("{9A19103F-16F7-4668-BE54-9A1E7A4F7556}") = "Exceptions", "Exceptions\Exceptions.csproj", "{E7C8FE03-9EA5-4931-AEFA-26C9715E1365}"
EndProject
Project("{9A19103F-16F7-4668-BE54-9A1E7A4F7556}") = "GenericTypes", "GenericTypes\GenericTypes.csproj", "{BAB3E419-AD5E-45B7-9DD4-ED6A589CA058}"
EndProject
Project("{FAE04EC0-301F-11D3-BF4B-00C04F79EFBC}") = "Delegates", "Delegates\Delegates.csproj", "{A7FC9DBF-060E-4365-9CD4-BBECD1A8465A}"
EndProject
Global
	GlobalSection(SolutionConfigurationPlatforms) = preSolution
		Debug|Any CPU = Debug|Any CPU
		Release|Any CPU = Release|Any CPU
	EndGlobalSection
	GlobalSection(ProjectConfigurationPlatforms) = postSolution
		{44050759-C082-4621-8992-CF287D549E07}.Debug|Any CPU.ActiveCfg = Debug|Any CPU
		{44050759-C082-4621-8992-CF287D549E07}.Debug|Any CPU.Build.0 = Debug|Any CPU
		{44050759-C082-4621-8992-CF287D549E07}.Release|Any CPU.ActiveCfg = Release|Any CPU
		{44050759-C082-4621-8992-CF287D549E07}.Release|Any CPU.Build.0 = Release|Any CPU
		{A172B219-7C74-4B13-9918-CCAF94F23CB3}.Debug|Any CPU.ActiveCfg = Debug|Any CPU
		{A172B219-7C74-4B13-9918-CCAF94F23CB3}.Debug|Any CPU.Build.0 = Debug|Any CPU
		{A172B219-7C74-4B13-9918-CCAF94F23CB3}.Release|Any CPU.ActiveCfg = Release|Any CPU
		{A172B219-7C74-4B13-9918-CCAF94F23CB3}.Release|Any CPU.Build.0 = Release|Any CPU
		{AD7EED71-CCEC-4519-8817-68783F216AA6}.Debug|Any CPU.ActiveCfg = Debug|Any CPU
		{AD7EED71-CCEC-4519-8817-68783F216AA6}.Debug|Any CPU.Build.0 = Debug|Any CPU
		{AD7EED71-CCEC-4519-8817-68783F216AA6}.Release|Any CPU.ActiveCfg = Release|Any CPU
		{AD7EED71-CCEC-4519-8817-68783F216AA6}.Release|Any CPU.Build.0 = Release|Any CPU
		{26B04311-CAF9-48A7-B4C1-714C0CC6EE7D}.Debug|Any CPU.ActiveCfg = Debug|Any CPU
		{26B04311-CAF9-48A7-B4C1-714C0CC6EE7D}.Debug|Any CPU.Build.0 = Debug|Any CPU
		{26B04311-CAF9-48A7-B4C1-714C0CC6EE7D}.Release|Any CPU.ActiveCfg = Release|Any CPU
		{26B04311-CAF9-48A7-B4C1-714C0CC6EE7D}.Release|Any CPU.Build.0 = Release|Any CPU
		{E42855E7-40B8-4E64-879F-34F9C309260E}.Debug|Any CPU.ActiveCfg = Debug|Any CPU
		{E42855E7-40B8-4E64-879F-34F9C309260E}.Debug|Any CPU.Build.0 = Debug|Any CPU
		{E42855E7-40B8-4E64-879F-34F9C309260E}.Release|Any CPU.ActiveCfg = Release|Any CPU
		{E42855E7-40B8-4E64-879F-34F9C309260E}.Release|Any CPU.Build.0 = Release|Any CPU
		{932F149E-20B1-45F6-AD34-A69BE322DE00}.Debug|Any CPU.ActiveCfg = Debug|Any CPU
		{932F149E-20B1-45F6-AD34-A69BE322DE00}.Debug|Any CPU.Build.0 = Debug|Any CPU
		{932F149E-20B1-45F6-AD34-A69BE322DE00}.Release|Any CPU.ActiveCfg = Release|Any CPU
		{932F149E-20B1-45F6-AD34-A69BE322DE00}.Release|Any CPU.Build.0 = Release|Any CPU
		{4505B3DF-9906-49AD-AAB7-C38858459A6C}.Debug|Any CPU.ActiveCfg = Debug|Any CPU
		{4505B3DF-9906-49AD-AAB7-C38858459A6C}.Debug|Any CPU.Build.0 = Debug|Any CPU
		{4505B3DF-9906-49AD-AAB7-C38858459A6C}.Release|Any CPU.ActiveCfg = Release|Any CPU
		{4505B3DF-9906-49AD-AAB7-C38858459A6C}.Release|Any CPU.Build.0 = Release|Any CPU
		{EB250AF9-6578-4278-A68D-D6E7D833F08A}.Debug|Any CPU.ActiveCfg = Debug|Any CPU
		{EB250AF9-6578-4278-A68D-D6E7D833F08A}.Debug|Any CPU.Build.0 = Debug|Any CPU
		{EB250AF9-6578-4278-A68D-D6E7D833F08A}.Release|Any CPU.ActiveCfg = Release|Any CPU
		{EB250AF9-6578-4278-A68D-D6E7D833F08A}.Release|Any CPU.Build.0 = Release|Any CPU
		{E7C8FE03-9EA5-4931-AEFA-26C9715E1365}.Debug|Any CPU.ActiveCfg = Debug|Any CPU
		{E7C8FE03-9EA5-4931-AEFA-26C9715E1365}.Debug|Any CPU.Build.0 = Debug|Any CPU
		{E7C8FE03-9EA5-4931-AEFA-26C9715E1365}.Release|Any CPU.ActiveCfg = Release|Any CPU
		{E7C8FE03-9EA5-4931-AEFA-26C9715E1365}.Release|Any CPU.Build.0 = Release|Any CPU
		{BAB3E419-AD5E-45B7-9DD4-ED6A589CA058}.Debug|Any CPU.ActiveCfg = Debug|Any CPU
		{BAB3E419-AD5E-45B7-9DD4-ED6A589CA058}.Debug|Any CPU.Build.0 = Debug|Any CPU
		{BAB3E419-AD5E-45B7-9DD4-ED6A589CA058}.Release|Any CPU.ActiveCfg = Release|Any CPU
		{BAB3E419-AD5E-45B7-9DD4-ED6A589CA058}.Release|Any CPU.Build.0 = Release|Any CPU
		{A7FC9DBF-060E-4365-9CD4-BBECD1A8465A}.Debug|Any CPU.ActiveCfg = Debug|Any CPU
		{A7FC9DBF-060E-4365-9CD4-BBECD1A8465A}.Debug|Any CPU.Build.0 = Debug|Any CPU
		{A7FC9DBF-060E-4365-9CD4-BBECD1A8465A}.Release|Any CPU.ActiveCfg = Release|Any CPU
		{A7FC9DBF-060E-4365-9CD4-BBECD1A8465A}.Release|Any CPU.Build.0 = Release|Any CPU
	EndGlobalSection
	GlobalSection(SolutionProperties) = preSolution
		HideSolutionNode = FALSE
	EndGlobalSection
	GlobalSection(ExtensibilityGlobals) = postSolution
		SolutionGuid = {84FB8C91-A65D-48E8-8926-5F913A85A4A2}
	EndGlobalSection
EndGlobal
